{
  "name": "search-github-extension",
  "version": "1.0.0",
  "lockfileVersion": 1,
  "requires": true,
  "dependencies": {
    "git-hooks-plus": {
      "version": "1.0.1",
      "resolved": "https://registry.npmjs.org/git-hooks-plus/-/git-hooks-plus-1.0.1.tgz",
      "integrity": "sha512-IeIEuXySE+EklJieSIXLoFGLuF5ERutODXZz3UCiL1JAjpvZKNyl9j00iF67i5yfX3sKepS1AHN9d3KmUxgWnw=="
    },
    "prettier": {
      "version": "2.1.2",
      "resolved": "https://registry.npmjs.org/prettier/-/prettier-2.1.2.tgz",
      "integrity": "sha512-16c7K+x4qVlJg9rEbXl7HEGmQyZlG4R9AgP+oHKRMsMsuk8s+ATStlf1NpDqyBI1HpVyfjLOeMhH2LvuNvV5Vg=="
    }
  }
}
